<Solution>
  <Folder Name="/Core/">
    <Project Path="Core/DomainLayer/DomainLayer.csproj" />
    <Project Path="Core/ServiceAbstractionLayer/ServiceAbstractionLayer.csproj" />
    <Project Path="Core/ServiceLayer/ServiceLayer.csproj" />
  </Folder>
  <Folder Name="/Infrastructure/">
    <Project Path="Infrastructure/perisistence/perisistence.csproj" />
    <Project Path="Infrastructure/Presentation/Presentation.csproj" />
  </Folder>
  <Project Path="Shared/Shared.csproj" />
  <Project Path="ToDoApp/ToDoApp.csproj" />
</Solution>
